# This file is automatically @generated by Cargo.
# It is not intended for manual editing.
version = 3

[[package]]
name = "vault-app"
version = "0.1.0"

[[package]]
name = "vault-connectors"
version = "0.1.0"

[[package]]
name = "vault-consolidator"
version = "0.1.0"

[[package]]
name = "vault-core"
version = "0.1.0"

[[package]]
name = "vault-embedding"
version = "0.1.0"

[[package]]
name = "vault-llm"
version = "0.1.0"

[[package]]
name = "vault-mcp"
version = "0.1.0"

[[package]]
name = "vault-retrieval"
version = "0.1.0"

[[package]]
name = "vault-storage"
version = "0.1.0"

[[package]]
name = "vault-sync"
version = "0.1.0"

[[package]]
name = "vault-tauri"
version = "0.1.0"
